
Microsoft Visual Studio Solution File, Format Version 12.00
# Visual Studio Version 17
VisualStudioVersion = 17.7.34024.191
MinimumVisualStudioVersion = 10.0.40219.1
Project("{2150E333-8FDC-42A3-9474-1A3956D46DE8}") = "src", "src", "{FA94BFB8-248B-455A-93EC-2EFD4FC0BEB9}"
	ProjectSection(SolutionItems) = preProject
		docker-compose.yml = docker-compose.yml
	EndProjectSection
EndProject
Project("{2150E333-8FDC-42A3-9474-1A3956D46DE8}") = "Services", "Services", "{36526427-8B58-413B-B318-15C1F663B747}"
EndProject
Project("{2150E333-8FDC-42A3-9474-1A3956D46DE8}") = "Identity", "Identity", "{7CB0A9F3-0DED-4186-8F0B-0FD2D64EEFCA}"
EndProject
Project("{2150E333-8FDC-42A3-9474-1A3956D46DE8}") = "tests", "tests", "{A45DF8E0-88F6-475D-9546-A44282FABB6E}"
EndProject
Project("{2150E333-8FDC-42A3-9474-1A3956D46DE8}") = "ApiGateways", "ApiGateways", "{AA2B3579-B238-49D7-A2ED-7FDA21F46208}"
EndProject
Project("{FAE04EC0-301F-11D3-BF4B-00C04F79EFBC}") = "Microb.ApiGateway", "ApiGateways\Microb.ApiGateway\Microb.ApiGateway.csproj", "{3D7BFA07-2FC2-4C2B-8114-A008EC76C73F}"
EndProject
Project("{2150E333-8FDC-42A3-9474-1A3956D46DE8}") = "Shared", "Shared", "{1341265A-1DD0-4A56-BA0F-A0DD701D0080}"
EndProject
Project("{FAE04EC0-301F-11D3-BF4B-00C04F79EFBC}") = "Microb.HealthChecks.Keycloak", "Shared\Microb.HealthChecks.Keycloak\Microb.HealthChecks.Keycloak.csproj", "{68C0E352-908F-4C25-921E-38DA09DC5D01}"
EndProject
Global
	GlobalSection(SolutionConfigurationPlatforms) = preSolution
		Debug|Any CPU = Debug|Any CPU
		Release|Any CPU = Release|Any CPU
	EndGlobalSection
	GlobalSection(ProjectConfigurationPlatforms) = postSolution
		{3D7BFA07-2FC2-4C2B-8114-A008EC76C73F}.Debug|Any CPU.ActiveCfg = Debug|Any CPU
		{3D7BFA07-2FC2-4C2B-8114-A008EC76C73F}.Debug|Any CPU.Build.0 = Debug|Any CPU
		{3D7BFA07-2FC2-4C2B-8114-A008EC76C73F}.Release|Any CPU.ActiveCfg = Release|Any CPU
		{3D7BFA07-2FC2-4C2B-8114-A008EC76C73F}.Release|Any CPU.Build.0 = Release|Any CPU
		{68C0E352-908F-4C25-921E-38DA09DC5D01}.Debug|Any CPU.ActiveCfg = Debug|Any CPU
		{68C0E352-908F-4C25-921E-38DA09DC5D01}.Debug|Any CPU.Build.0 = Debug|Any CPU
		{68C0E352-908F-4C25-921E-38DA09DC5D01}.Release|Any CPU.ActiveCfg = Release|Any CPU
		{68C0E352-908F-4C25-921E-38DA09DC5D01}.Release|Any CPU.Build.0 = Release|Any CPU
	EndGlobalSection
	GlobalSection(SolutionProperties) = preSolution
		HideSolutionNode = FALSE
	EndGlobalSection
	GlobalSection(NestedProjects) = preSolution
		{36526427-8B58-413B-B318-15C1F663B747} = {FA94BFB8-248B-455A-93EC-2EFD4FC0BEB9}
		{7CB0A9F3-0DED-4186-8F0B-0FD2D64EEFCA} = {36526427-8B58-413B-B318-15C1F663B747}
		{AA2B3579-B238-49D7-A2ED-7FDA21F46208} = {FA94BFB8-248B-455A-93EC-2EFD4FC0BEB9}
		{3D7BFA07-2FC2-4C2B-8114-A008EC76C73F} = {AA2B3579-B238-49D7-A2ED-7FDA21F46208}
		{1341265A-1DD0-4A56-BA0F-A0DD701D0080} = {FA94BFB8-248B-455A-93EC-2EFD4FC0BEB9}
		{68C0E352-908F-4C25-921E-38DA09DC5D01} = {1341265A-1DD0-4A56-BA0F-A0DD701D0080}
	EndGlobalSection
	GlobalSection(ExtensibilityGlobals) = postSolution
		SolutionGuid = {5598348D-D006-4EFF-B890-8D514845508C}
	EndGlobalSection
	GlobalSection(RiderSharedRunConfigurations) = postSolution
		File = Docker Image.run.xml
	EndGlobalSection
EndGlobal
